
Microsoft Visual Studio Solution File, Format Version 12.00
# Visual Studio Version 17
VisualStudioVersion = 17.6.33815.320
MinimumVisualStudioVersion = 10.0.40219.1
Project("{FAE04EC0-301F-11D3-BF4B-00C04F79EFBC}") = "ConsoleApp1", "ConsoleApp1\ConsoleApp1.csproj", "{B3019361-C8CC-407E-91A7-1F50C207050B}"
EndProject
Project("{FAE04EC0-301F-11D3-BF4B-00C04F79EFBC}") = "Device", "Device\Device.csproj", "{BF77D582-32C6-404B-89ED-8B69520BA062}"
EndProject
Global
	GlobalSection(SolutionConfigurationPlatforms) = preSolution
		Debug|Any CPU = Debug|Any CPU
		Release|Any CPU = Release|Any CPU
	EndGlobalSection
	GlobalSection(ProjectConfigurationPlatforms) = postSolution
		{B3019361-C8CC-407E-91A7-1F50C207050B}.Debug|Any CPU.ActiveCfg = Debug|Any CPU
		{B3019361-C8CC-407E-91A7-1F50C207050B}.Debug|Any CPU.Build.0 = Debug|Any CPU
		{B3019361-C8CC-407E-91A7-1F50C207050B}.Release|Any CPU.ActiveCfg = Release|Any CPU
		{B3019361-C8CC-407E-91A7-1F50C207050B}.Release|Any CPU.Build.0 = Release|Any CPU
		{BF77D582-32C6-404B-89ED-8B69520BA062}.Debug|Any CPU.ActiveCfg = Debug|Any CPU
		{BF77D582-32C6-404B-89ED-8B69520BA062}.Debug|Any CPU.Build.0 = Debug|Any CPU
		{BF77D582-32C6-404B-89ED-8B69520BA062}.Release|Any CPU.ActiveCfg = Release|Any CPU
		{BF77D582-32C6-404B-89ED-8B69520BA062}.Release|Any CPU.Build.0 = Release|Any CPU
	EndGlobalSection
	GlobalSection(SolutionProperties) = preSolution
		HideSolutionNode = FALSE
	EndGlobalSection
	GlobalSection(ExtensibilityGlobals) = postSolution
		SolutionGuid = {8DDC745E-2E51-4AFF-9444-BB7EC6D75201}
	EndGlobalSection
EndGlobal
